
Microsoft Visual Studio Solution File, Format Version 12.00
# Visual Studio Express 2012 for Web
Project("{FAE04EC0-301F-11D3-BF4B-00C04F79EFBC}") = "PhoneGameWebApi", "PhoneGameWebApi\PhoneGameWebApi.csproj", "{02051799-1174-42FE-8F68-10E9F87C9622}"
EndProject
Project("{FAE04EC0-301F-11D3-BF4B-00C04F79EFBC}") = "PhoneGameService", "PhoneGameService\PhoneGameService.csproj", "{D1EA660D-885A-4E89-85A8-102B2556F01C}"
EndProject
Global
	GlobalSection(SolutionConfigurationPlatforms) = preSolution
		Debug|Any CPU = Debug|Any CPU
		Debug|x64 = Debug|x64
		Release|Any CPU = Release|Any CPU
		Release|x64 = Release|x64
	EndGlobalSection
	GlobalSection(ProjectConfigurationPlatforms) = postSolution
		{02051799-1174-42FE-8F68-10E9F87C9622}.Debug|Any CPU.ActiveCfg = Debug|Any CPU
		{02051799-1174-42FE-8F68-10E9F87C9622}.Debug|Any CPU.Build.0 = Debug|Any CPU
		{02051799-1174-42FE-8F68-10E9F87C9622}.Debug|x64.ActiveCfg = Debug|Any CPU
		{02051799-1174-42FE-8F68-10E9F87C9622}.Release|Any CPU.ActiveCfg = Release|Any CPU
		{02051799-1174-42FE-8F68-10E9F87C9622}.Release|Any CPU.Build.0 = Release|Any CPU
		{02051799-1174-42FE-8F68-10E9F87C9622}.Release|x64.ActiveCfg = Release|Any CPU
		{D1EA660D-885A-4E89-85A8-102B2556F01C}.Debug|Any CPU.ActiveCfg = Debug|Any CPU
		{D1EA660D-885A-4E89-85A8-102B2556F01C}.Debug|Any CPU.Build.0 = Debug|Any CPU
		{D1EA660D-885A-4E89-85A8-102B2556F01C}.Debug|x64.ActiveCfg = Debug|x64
		{D1EA660D-885A-4E89-85A8-102B2556F01C}.Debug|x64.Build.0 = Debug|x64
		{D1EA660D-885A-4E89-85A8-102B2556F01C}.Release|Any CPU.ActiveCfg = Release|Any CPU
		{D1EA660D-885A-4E89-85A8-102B2556F01C}.Release|Any CPU.Build.0 = Release|Any CPU
		{D1EA660D-885A-4E89-85A8-102B2556F01C}.Release|x64.ActiveCfg = Release|x64
		{D1EA660D-885A-4E89-85A8-102B2556F01C}.Release|x64.Build.0 = Release|x64
	EndGlobalSection
	GlobalSection(SolutionProperties) = preSolution
		HideSolutionNode = FALSE
	EndGlobalSection
EndGlobal
