
Microsoft Visual Studio Solution File, Format Version 11.00
# Visual Studio 2010
Project("{FAE04EC0-301F-11D3-BF4B-00C04F79EFBC}") = "PhoneGameService", "PhoneGameService.csproj", "{D1EA660D-885A-4E89-85A8-102B2556F01C}"
EndProject
Project("{FAE04EC0-301F-11D3-BF4B-00C04F79EFBC}") = "TestGamePlay", "TestGamePlay\TestGamePlay.csproj", "{A021B290-E80D-4ACD-A79D-B5D5BC20B09B}"
EndProject
Global
	GlobalSection(SolutionConfigurationPlatforms) = preSolution
		Debug|Any CPU = Debug|Any CPU
		Debug|Mixed Platforms = Debug|Mixed Platforms
		Debug|x86 = Debug|x86
		Release|Any CPU = Release|Any CPU
		Release|Mixed Platforms = Release|Mixed Platforms
		Release|x86 = Release|x86
	EndGlobalSection
	GlobalSection(ProjectConfigurationPlatforms) = postSolution
		{D1EA660D-885A-4E89-85A8-102B2556F01C}.Debug|Any CPU.ActiveCfg = Debug|Any CPU
		{D1EA660D-885A-4E89-85A8-102B2556F01C}.Debug|Any CPU.Build.0 = Debug|Any CPU
		{D1EA660D-885A-4E89-85A8-102B2556F01C}.Debug|Mixed Platforms.ActiveCfg = Debug|x64
		{D1EA660D-885A-4E89-85A8-102B2556F01C}.Debug|Mixed Platforms.Build.0 = Debug|x64
		{D1EA660D-885A-4E89-85A8-102B2556F01C}.Debug|x86.ActiveCfg = Debug|Any CPU
		{D1EA660D-885A-4E89-85A8-102B2556F01C}.Release|Any CPU.ActiveCfg = Release|Any CPU
		{D1EA660D-885A-4E89-85A8-102B2556F01C}.Release|Any CPU.Build.0 = Release|Any CPU
		{D1EA660D-885A-4E89-85A8-102B2556F01C}.Release|Mixed Platforms.ActiveCfg = Release|x64
		{D1EA660D-885A-4E89-85A8-102B2556F01C}.Release|Mixed Platforms.Build.0 = Release|x64
		{D1EA660D-885A-4E89-85A8-102B2556F01C}.Release|x86.ActiveCfg = Release|Any CPU
		{A021B290-E80D-4ACD-A79D-B5D5BC20B09B}.Debug|Any CPU.ActiveCfg = Debug|x86
		{A021B290-E80D-4ACD-A79D-B5D5BC20B09B}.Debug|Any CPU.Build.0 = Debug|x86
		{A021B290-E80D-4ACD-A79D-B5D5BC20B09B}.Debug|Mixed Platforms.ActiveCfg = Debug|x86
		{A021B290-E80D-4ACD-A79D-B5D5BC20B09B}.Debug|Mixed Platforms.Build.0 = Debug|x86
		{A021B290-E80D-4ACD-A79D-B5D5BC20B09B}.Debug|x86.ActiveCfg = Debug|x86
		{A021B290-E80D-4ACD-A79D-B5D5BC20B09B}.Debug|x86.Build.0 = Debug|x86
		{A021B290-E80D-4ACD-A79D-B5D5BC20B09B}.Release|Any CPU.ActiveCfg = Release|x86
		{A021B290-E80D-4ACD-A79D-B5D5BC20B09B}.Release|Mixed Platforms.ActiveCfg = Release|x86
		{A021B290-E80D-4ACD-A79D-B5D5BC20B09B}.Release|Mixed Platforms.Build.0 = Release|x86
		{A021B290-E80D-4ACD-A79D-B5D5BC20B09B}.Release|x86.ActiveCfg = Release|x86
		{A021B290-E80D-4ACD-A79D-B5D5BC20B09B}.Release|x86.Build.0 = Release|x86
	EndGlobalSection
	GlobalSection(SolutionProperties) = preSolution
		HideSolutionNode = FALSE
	EndGlobalSection
EndGlobal
